
Microsoft Visual Studio Solution File, Format Version 12.00
# Visual Studio 15
VisualStudioVersion = 15.0.27130.2010
MinimumVisualStudioVersion = 10.0.40219.1
Project("{FAE04EC0-301F-11D3-BF4B-00C04F79EFBC}") = "SendSms", "SendSms\SendSms.csproj", "{BB2D084C-C67D-4F81-ABE6-9221B1204882}"
EndProject
Global
	GlobalSection(SolutionConfigurationPlatforms) = preSolution
		Debug|Any CPU = Debug|Any CPU
		Release|Any CPU = Release|Any CPU
	EndGlobalSection
	GlobalSection(ProjectConfigurationPlatforms) = postSolution
		{BB2D084C-C67D-4F81-ABE6-9221B1204882}.Debug|Any CPU.ActiveCfg = Debug|Any CPU
		{BB2D084C-C67D-4F81-ABE6-9221B1204882}.Debug|Any CPU.Build.0 = Debug|Any CPU
		{BB2D084C-C67D-4F81-ABE6-9221B1204882}.Release|Any CPU.ActiveCfg = Release|Any CPU
		{BB2D084C-C67D-4F81-ABE6-9221B1204882}.Release|Any CPU.Build.0 = Release|Any CPU
	EndGlobalSection
	GlobalSection(SolutionProperties) = preSolution
		HideSolutionNode = FALSE
	EndGlobalSection
	GlobalSection(ExtensibilityGlobals) = postSolution
		SolutionGuid = {04CE1F6A-B388-4495-9C92-7DCEB7E43793}
	EndGlobalSection
EndGlobal
